
Microsoft Visual Studio Solution File, Format Version 12.00
# Visual Studio Version 16
VisualStudioVersion = 16.0.29728.190
MinimumVisualStudioVersion = 10.0.40219.1
Project("{FAE04EC0-301F-11D3-BF4B-00C04F79EFBC}") = "spectre", "spectre.csproj", "{92273AA3-A33C-4D3E-B555-511E08B5E546}"
EndProject
Global
	GlobalSection(SolutionConfigurationPlatforms) = preSolution
		Debug|Any CPU = Debug|Any CPU
		Release|Any CPU = Release|Any CPU
	EndGlobalSection
	GlobalSection(ProjectConfigurationPlatforms) = postSolution
		{92273AA3-A33C-4D3E-B555-511E08B5E546}.Debug|Any CPU.ActiveCfg = Debug|Any CPU
		{92273AA3-A33C-4D3E-B555-511E08B5E546}.Debug|Any CPU.Build.0 = Debug|Any CPU
		{92273AA3-A33C-4D3E-B555-511E08B5E546}.Release|Any CPU.ActiveCfg = Release|Any CPU
		{92273AA3-A33C-4D3E-B555-511E08B5E546}.Release|Any CPU.Build.0 = Release|Any CPU
	EndGlobalSection
	GlobalSection(SolutionProperties) = preSolution
		HideSolutionNode = FALSE
	EndGlobalSection
	GlobalSection(ExtensibilityGlobals) = postSolution
		SolutionGuid = {B8BF91F0-6B22-4E7F-8290-66C8EE58CCFB}
	EndGlobalSection
EndGlobal
